
Microsoft Visual Studio Solution File, Format Version 12.00
# Visual Studio 2013
VisualStudioVersion = 12.0.21005.1
MinimumVisualStudioVersion = 10.0.40219.1
Project("{FAE04EC0-301F-11D3-BF4B-00C04F79EFBC}") = "01ExchangeIfGreater", "ExchangeIfGreater\01ExchangeIfGreater.csproj", "{E097EE43-4B54-4371-99D6-3AEFF7B346FD}"
EndProject
Project("{FAE04EC0-301F-11D3-BF4B-00C04F79EFBC}") = "02BonusScore", "BonusScore\02BonusScore.csproj", "{31A44B51-256D-41E2-A3C1-877620192DAA}"
EndProject
Project("{FAE04EC0-301F-11D3-BF4B-00C04F79EFBC}") = "03CheckForAPlayCard", "CheckForAPlayCard\03CheckForAPlayCard.csproj", "{0762312F-DFE7-4C5A-968A-71B2002736AB}"
EndProject
Project("{FAE04EC0-301F-11D3-BF4B-00C04F79EFBC}") = "04MultiplicationSign", "MultiplicationSign\04MultiplicationSign.csproj", "{DF7F49E5-8569-4BA9-AC52-8E3EC814A9A3}"
EndProject
Project("{FAE04EC0-301F-11D3-BF4B-00C04F79EFBC}") = "05TheBiggestOf3Numbers", "TheBiggestOf3Numbers\05TheBiggestOf3Numbers.csproj", "{F44FC081-719F-4097-BB93-24759DD651BD}"
EndProject
Project("{FAE04EC0-301F-11D3-BF4B-00C04F79EFBC}") = "06TheBiggestOf5Numbers", "TheBiggestOf5Numbers\06TheBiggestOf5Numbers.csproj", "{CDE5A967-3FCF-4C7A-BDFC-8760BEBE9402}"
EndProject
Project("{FAE04EC0-301F-11D3-BF4B-00C04F79EFBC}") = "07Sort3Numbers", "Sort3Numbers\07Sort3Numbers.csproj", "{C3543C9E-0AC3-41E5-ABAB-118AB9F3170F}"
EndProject
Project("{FAE04EC0-301F-11D3-BF4B-00C04F79EFBC}") = "08DigitAsWord", "DigitAsWord\08DigitAsWord.csproj", "{5207DC41-1CD1-4190-9650-DFAE0F4C204E}"
EndProject
Project("{FAE04EC0-301F-11D3-BF4B-00C04F79EFBC}") = "09PlayWithIntDoubleAndString", "PlayWithIntDoubleAndString\09PlayWithIntDoubleAndString.csproj", "{FC91FA08-364A-42B3-B785-71CA740C1C4F}"
EndProject
Project("{FAE04EC0-301F-11D3-BF4B-00C04F79EFBC}") = "11ExtraTaskNumberAsWords", "NumberAsWords\11ExtraTaskNumberAsWords.csproj", "{8CBD79B8-C6E0-4498-93AC-5483D2CEC170}"
EndProject
Global
	GlobalSection(SolutionConfigurationPlatforms) = preSolution
		Debug|Any CPU = Debug|Any CPU
		Release|Any CPU = Release|Any CPU
	EndGlobalSection
	GlobalSection(ProjectConfigurationPlatforms) = postSolution
		{E097EE43-4B54-4371-99D6-3AEFF7B346FD}.Debug|Any CPU.ActiveCfg = Debug|Any CPU
		{E097EE43-4B54-4371-99D6-3AEFF7B346FD}.Debug|Any CPU.Build.0 = Debug|Any CPU
		{E097EE43-4B54-4371-99D6-3AEFF7B346FD}.Release|Any CPU.ActiveCfg = Release|Any CPU
		{E097EE43-4B54-4371-99D6-3AEFF7B346FD}.Release|Any CPU.Build.0 = Release|Any CPU
		{31A44B51-256D-41E2-A3C1-877620192DAA}.Debug|Any CPU.ActiveCfg = Debug|Any CPU
		{31A44B51-256D-41E2-A3C1-877620192DAA}.Debug|Any CPU.Build.0 = Debug|Any CPU
		{31A44B51-256D-41E2-A3C1-877620192DAA}.Release|Any CPU.ActiveCfg = Release|Any CPU
		{31A44B51-256D-41E2-A3C1-877620192DAA}.Release|Any CPU.Build.0 = Release|Any CPU
		{0762312F-DFE7-4C5A-968A-71B2002736AB}.Debug|Any CPU.ActiveCfg = Debug|Any CPU
		{0762312F-DFE7-4C5A-968A-71B2002736AB}.Debug|Any CPU.Build.0 = Debug|Any CPU
		{0762312F-DFE7-4C5A-968A-71B2002736AB}.Release|Any CPU.ActiveCfg = Release|Any CPU
		{0762312F-DFE7-4C5A-968A-71B2002736AB}.Release|Any CPU.Build.0 = Release|Any CPU
		{DF7F49E5-8569-4BA9-AC52-8E3EC814A9A3}.Debug|Any CPU.ActiveCfg = Debug|Any CPU
		{DF7F49E5-8569-4BA9-AC52-8E3EC814A9A3}.Debug|Any CPU.Build.0 = Debug|Any CPU
		{DF7F49E5-8569-4BA9-AC52-8E3EC814A9A3}.Release|Any CPU.ActiveCfg = Release|Any CPU
		{DF7F49E5-8569-4BA9-AC52-8E3EC814A9A3}.Release|Any CPU.Build.0 = Release|Any CPU
		{F44FC081-719F-4097-BB93-24759DD651BD}.Debug|Any CPU.ActiveCfg = Debug|Any CPU
		{F44FC081-719F-4097-BB93-24759DD651BD}.Debug|Any CPU.Build.0 = Debug|Any CPU
		{F44FC081-719F-4097-BB93-24759DD651BD}.Release|Any CPU.ActiveCfg = Release|Any CPU
		{F44FC081-719F-4097-BB93-24759DD651BD}.Release|Any CPU.Build.0 = Release|Any CPU
		{CDE5A967-3FCF-4C7A-BDFC-8760BEBE9402}.Debug|Any CPU.ActiveCfg = Debug|Any CPU
		{CDE5A967-3FCF-4C7A-BDFC-8760BEBE9402}.Debug|Any CPU.Build.0 = Debug|Any CPU
		{CDE5A967-3FCF-4C7A-BDFC-8760BEBE9402}.Release|Any CPU.ActiveCfg = Release|Any CPU
		{CDE5A967-3FCF-4C7A-BDFC-8760BEBE9402}.Release|Any CPU.Build.0 = Release|Any CPU
		{C3543C9E-0AC3-41E5-ABAB-118AB9F3170F}.Debug|Any CPU.ActiveCfg = Debug|Any CPU
		{C3543C9E-0AC3-41E5-ABAB-118AB9F3170F}.Debug|Any CPU.Build.0 = Debug|Any CPU
		{C3543C9E-0AC3-41E5-ABAB-118AB9F3170F}.Release|Any CPU.ActiveCfg = Release|Any CPU
		{C3543C9E-0AC3-41E5-ABAB-118AB9F3170F}.Release|Any CPU.Build.0 = Release|Any CPU
		{5207DC41-1CD1-4190-9650-DFAE0F4C204E}.Debug|Any CPU.ActiveCfg = Debug|Any CPU
		{5207DC41-1CD1-4190-9650-DFAE0F4C204E}.Debug|Any CPU.Build.0 = Debug|Any CPU
		{5207DC41-1CD1-4190-9650-DFAE0F4C204E}.Release|Any CPU.ActiveCfg = Release|Any CPU
		{5207DC41-1CD1-4190-9650-DFAE0F4C204E}.Release|Any CPU.Build.0 = Release|Any CPU
		{FC91FA08-364A-42B3-B785-71CA740C1C4F}.Debug|Any CPU.ActiveCfg = Debug|Any CPU
		{FC91FA08-364A-42B3-B785-71CA740C1C4F}.Debug|Any CPU.Build.0 = Debug|Any CPU
		{FC91FA08-364A-42B3-B785-71CA740C1C4F}.Release|Any CPU.ActiveCfg = Release|Any CPU
		{FC91FA08-364A-42B3-B785-71CA740C1C4F}.Release|Any CPU.Build.0 = Release|Any CPU
		{8CBD79B8-C6E0-4498-93AC-5483D2CEC170}.Debug|Any CPU.ActiveCfg = Debug|Any CPU
		{8CBD79B8-C6E0-4498-93AC-5483D2CEC170}.Debug|Any CPU.Build.0 = Debug|Any CPU
		{8CBD79B8-C6E0-4498-93AC-5483D2CEC170}.Release|Any CPU.ActiveCfg = Release|Any CPU
		{8CBD79B8-C6E0-4498-93AC-5483D2CEC170}.Release|Any CPU.Build.0 = Release|Any CPU
	EndGlobalSection
	GlobalSection(SolutionProperties) = preSolution
		HideSolutionNode = FALSE
	EndGlobalSection
EndGlobal
