
Microsoft Visual Studio Solution File, Format Version 12.00
# Visual Studio 2013
VisualStudioVersion = 12.0.21005.1
MinimumVisualStudioVersion = 10.0.40219.1
Project("{FAE04EC0-301F-11D3-BF4B-00C04F79EFBC}") = "Shapess", "Shapess\Shapess.csproj", "{9F2438AB-5EAE-4843-A56D-933D54223B96}"
EndProject
Project("{FAE04EC0-301F-11D3-BF4B-00C04F79EFBC}") = "BankAccounts", "BankAccounts\BankAccounts.csproj", "{6F138D81-EAA6-4A29-B3CC-68457C4C5DD3}"
EndProject
Project("{FAE04EC0-301F-11D3-BF4B-00C04F79EFBC}") = "RangeExceptionsTest", "RangeExceptions\RangeExceptionsTest.csproj", "{B514C831-6105-454F-A9C3-57A288FF4719}"
EndProject
Global
	GlobalSection(SolutionConfigurationPlatforms) = preSolution
		Debug|Any CPU = Debug|Any CPU
		Release|Any CPU = Release|Any CPU
	EndGlobalSection
	GlobalSection(ProjectConfigurationPlatforms) = postSolution
		{9F2438AB-5EAE-4843-A56D-933D54223B96}.Debug|Any CPU.ActiveCfg = Debug|Any CPU
		{9F2438AB-5EAE-4843-A56D-933D54223B96}.Debug|Any CPU.Build.0 = Debug|Any CPU
		{9F2438AB-5EAE-4843-A56D-933D54223B96}.Release|Any CPU.ActiveCfg = Release|Any CPU
		{9F2438AB-5EAE-4843-A56D-933D54223B96}.Release|Any CPU.Build.0 = Release|Any CPU
		{6F138D81-EAA6-4A29-B3CC-68457C4C5DD3}.Debug|Any CPU.ActiveCfg = Debug|Any CPU
		{6F138D81-EAA6-4A29-B3CC-68457C4C5DD3}.Debug|Any CPU.Build.0 = Debug|Any CPU
		{6F138D81-EAA6-4A29-B3CC-68457C4C5DD3}.Release|Any CPU.ActiveCfg = Release|Any CPU
		{6F138D81-EAA6-4A29-B3CC-68457C4C5DD3}.Release|Any CPU.Build.0 = Release|Any CPU
		{B514C831-6105-454F-A9C3-57A288FF4719}.Debug|Any CPU.ActiveCfg = Debug|Any CPU
		{B514C831-6105-454F-A9C3-57A288FF4719}.Debug|Any CPU.Build.0 = Debug|Any CPU
		{B514C831-6105-454F-A9C3-57A288FF4719}.Release|Any CPU.ActiveCfg = Release|Any CPU
		{B514C831-6105-454F-A9C3-57A288FF4719}.Release|Any CPU.Build.0 = Release|Any CPU
	EndGlobalSection
	GlobalSection(SolutionProperties) = preSolution
		HideSolutionNode = FALSE
	EndGlobalSection
EndGlobal
