
Microsoft Visual Studio Solution File, Format Version 12.00
# Visual Studio 2013
VisualStudioVersion = 12.0.21005.1
MinimumVisualStudioVersion = 10.0.40219.1
Project("{FAE04EC0-301F-11D3-BF4B-00C04F79EFBC}") = "01a)FillTheMatrix", "MultidimentionalArrays\01a)FillTheMatrix.csproj", "{7067505A-92B9-4B82-B18A-51A13D3A7B54}"
EndProject
Project("{FAE04EC0-301F-11D3-BF4B-00C04F79EFBC}") = "01b)FillTheMatrix", "FillTheMatrix\01b)FillTheMatrix.csproj", "{D35E5D84-E595-4D89-83EB-9D58C0A8CAB9}"
EndProject
Project("{FAE04EC0-301F-11D3-BF4B-00C04F79EFBC}") = "01c)FillTheMatrix", "FillTheMatrixb\01c)FillTheMatrix.csproj", "{8812F111-9AD0-46B8-96EA-F3EEBB574DC1}"
EndProject
Project("{FAE04EC0-301F-11D3-BF4B-00C04F79EFBC}") = "02MaximalSum", "MaximalSum\02MaximalSum.csproj", "{897535A6-3CC9-433D-8562-5FEA5B6D30F8}"
EndProject
Project("{FAE04EC0-301F-11D3-BF4B-00C04F79EFBC}") = "03SequenceNMAtrix", "SequenceNMAtrix\03SequenceNMAtrix.csproj", "{F2B8BDC9-B9B4-456B-97E1-AC9B13230145}"
EndProject
Project("{FAE04EC0-301F-11D3-BF4B-00C04F79EFBC}") = "04BinarySearch", "BinarySearch\04BinarySearch.csproj", "{C356CDE6-5E8A-4795-9853-92FB2BB2C2D7}"
EndProject
Project("{FAE04EC0-301F-11D3-BF4B-00C04F79EFBC}") = "05SortByStringlenght", "SortByStringlenght\05SortByStringlenght.csproj", "{6A80C07E-6237-4DC4-9F94-304767A3799D}"
EndProject
Global
	GlobalSection(SolutionConfigurationPlatforms) = preSolution
		Debug|Any CPU = Debug|Any CPU
		Release|Any CPU = Release|Any CPU
	EndGlobalSection
	GlobalSection(ProjectConfigurationPlatforms) = postSolution
		{7067505A-92B9-4B82-B18A-51A13D3A7B54}.Debug|Any CPU.ActiveCfg = Debug|Any CPU
		{7067505A-92B9-4B82-B18A-51A13D3A7B54}.Debug|Any CPU.Build.0 = Debug|Any CPU
		{7067505A-92B9-4B82-B18A-51A13D3A7B54}.Release|Any CPU.ActiveCfg = Release|Any CPU
		{7067505A-92B9-4B82-B18A-51A13D3A7B54}.Release|Any CPU.Build.0 = Release|Any CPU
		{D35E5D84-E595-4D89-83EB-9D58C0A8CAB9}.Debug|Any CPU.ActiveCfg = Debug|Any CPU
		{D35E5D84-E595-4D89-83EB-9D58C0A8CAB9}.Debug|Any CPU.Build.0 = Debug|Any CPU
		{D35E5D84-E595-4D89-83EB-9D58C0A8CAB9}.Release|Any CPU.ActiveCfg = Release|Any CPU
		{D35E5D84-E595-4D89-83EB-9D58C0A8CAB9}.Release|Any CPU.Build.0 = Release|Any CPU
		{8812F111-9AD0-46B8-96EA-F3EEBB574DC1}.Debug|Any CPU.ActiveCfg = Debug|Any CPU
		{8812F111-9AD0-46B8-96EA-F3EEBB574DC1}.Debug|Any CPU.Build.0 = Debug|Any CPU
		{8812F111-9AD0-46B8-96EA-F3EEBB574DC1}.Release|Any CPU.ActiveCfg = Release|Any CPU
		{8812F111-9AD0-46B8-96EA-F3EEBB574DC1}.Release|Any CPU.Build.0 = Release|Any CPU
		{897535A6-3CC9-433D-8562-5FEA5B6D30F8}.Debug|Any CPU.ActiveCfg = Debug|Any CPU
		{897535A6-3CC9-433D-8562-5FEA5B6D30F8}.Debug|Any CPU.Build.0 = Debug|Any CPU
		{897535A6-3CC9-433D-8562-5FEA5B6D30F8}.Release|Any CPU.ActiveCfg = Release|Any CPU
		{897535A6-3CC9-433D-8562-5FEA5B6D30F8}.Release|Any CPU.Build.0 = Release|Any CPU
		{F2B8BDC9-B9B4-456B-97E1-AC9B13230145}.Debug|Any CPU.ActiveCfg = Debug|Any CPU
		{F2B8BDC9-B9B4-456B-97E1-AC9B13230145}.Debug|Any CPU.Build.0 = Debug|Any CPU
		{F2B8BDC9-B9B4-456B-97E1-AC9B13230145}.Release|Any CPU.ActiveCfg = Release|Any CPU
		{F2B8BDC9-B9B4-456B-97E1-AC9B13230145}.Release|Any CPU.Build.0 = Release|Any CPU
		{C356CDE6-5E8A-4795-9853-92FB2BB2C2D7}.Debug|Any CPU.ActiveCfg = Debug|Any CPU
		{C356CDE6-5E8A-4795-9853-92FB2BB2C2D7}.Debug|Any CPU.Build.0 = Debug|Any CPU
		{C356CDE6-5E8A-4795-9853-92FB2BB2C2D7}.Release|Any CPU.ActiveCfg = Release|Any CPU
		{C356CDE6-5E8A-4795-9853-92FB2BB2C2D7}.Release|Any CPU.Build.0 = Release|Any CPU
		{6A80C07E-6237-4DC4-9F94-304767A3799D}.Debug|Any CPU.ActiveCfg = Debug|Any CPU
		{6A80C07E-6237-4DC4-9F94-304767A3799D}.Debug|Any CPU.Build.0 = Debug|Any CPU
		{6A80C07E-6237-4DC4-9F94-304767A3799D}.Release|Any CPU.ActiveCfg = Release|Any CPU
		{6A80C07E-6237-4DC4-9F94-304767A3799D}.Release|Any CPU.Build.0 = Release|Any CPU
	EndGlobalSection
	GlobalSection(SolutionProperties) = preSolution
		HideSolutionNode = FALSE
	EndGlobalSection
EndGlobal
